
Microsoft Visual Studio Solution File, Format Version 12.00
# Visual Studio Version 17
VisualStudioVersion = 17.6.33815.320
MinimumVisualStudioVersion = 10.0.40219.1
Project("{FAE04EC0-301F-11D3-BF4B-00C04F79EFBC}") = "Pruebatecnica", "Pruebatecnica.csproj", "{6FE7BE83-F20B-42EA-AC2E-0FDA7A802461}"
EndProject
Global
	GlobalSection(SolutionConfigurationPlatforms) = preSolution
		Debug|Any CPU = Debug|Any CPU
		Release|Any CPU = Release|Any CPU
	EndGlobalSection
	GlobalSection(ProjectConfigurationPlatforms) = postSolution
		{6FE7BE83-F20B-42EA-AC2E-0FDA7A802461}.Debug|Any CPU.ActiveCfg = Debug|Any CPU
		{6FE7BE83-F20B-42EA-AC2E-0FDA7A802461}.Debug|Any CPU.Build.0 = Debug|Any CPU
		{6FE7BE83-F20B-42EA-AC2E-0FDA7A802461}.Release|Any CPU.ActiveCfg = Release|Any CPU
		{6FE7BE83-F20B-42EA-AC2E-0FDA7A802461}.Release|Any CPU.Build.0 = Release|Any CPU
	EndGlobalSection
	GlobalSection(SolutionProperties) = preSolution
		HideSolutionNode = FALSE
	EndGlobalSection
	GlobalSection(ExtensibilityGlobals) = postSolution
		SolutionGuid = {2AEA9CA9-C457-47C4-813B-9C51AD16974A}
	EndGlobalSection
EndGlobal
